
Microsoft Visual Studio Solution File, Format Version 12.00
# Visual Studio Version 16
VisualStudioVersion = 16.0.30204.135
MinimumVisualStudioVersion = 10.0.40219.1
Project("{FAE04EC0-301F-11D3-BF4B-00C04F79EFBC}") = "ProjectoHamburguesaXmarin.Android", "ProjectoHamburguesaXmarin\ProjectoHamburguesaXmarin.Android\ProjectoHamburguesaXmarin.Android.csproj", "{AD5E1A32-64E7-4135-8312-4EECBC0BE0C7}"
EndProject
Project("{FAE04EC0-301F-11D3-BF4B-00C04F79EFBC}") = "ProjectoHamburguesaXmarin.iOS", "ProjectoHamburguesaXmarin\ProjectoHamburguesaXmarin.iOS\ProjectoHamburguesaXmarin.iOS.csproj", "{2D0E596B-51D3-445B-8C44-AEAB66359F97}"
EndProject
Project("{FAE04EC0-301F-11D3-BF4B-00C04F79EFBC}") = "ProjectoHamburguesaXmarin", "ProjectoHamburguesaXmarin\ProjectoHamburguesaXmarin\ProjectoHamburguesaXmarin.csproj", "{9BBAC9FE-F1D7-402A-A5D5-21BE7D383E36}"
EndProject
Global
	GlobalSection(SolutionConfigurationPlatforms) = preSolution
		Debug|Any CPU = Debug|Any CPU
		Debug|iPhone = Debug|iPhone
		Debug|iPhoneSimulator = Debug|iPhoneSimulator
		Release|Any CPU = Release|Any CPU
		Release|iPhone = Release|iPhone
		Release|iPhoneSimulator = Release|iPhoneSimulator
	EndGlobalSection
	GlobalSection(ProjectConfigurationPlatforms) = postSolution
		{AD5E1A32-64E7-4135-8312-4EECBC0BE0C7}.Debug|Any CPU.ActiveCfg = Debug|Any CPU
		{AD5E1A32-64E7-4135-8312-4EECBC0BE0C7}.Debug|Any CPU.Build.0 = Debug|Any CPU
		{AD5E1A32-64E7-4135-8312-4EECBC0BE0C7}.Debug|Any CPU.Deploy.0 = Debug|Any CPU
		{AD5E1A32-64E7-4135-8312-4EECBC0BE0C7}.Debug|iPhone.ActiveCfg = Debug|Any CPU
		{AD5E1A32-64E7-4135-8312-4EECBC0BE0C7}.Debug|iPhone.Build.0 = Debug|Any CPU
		{AD5E1A32-64E7-4135-8312-4EECBC0BE0C7}.Debug|iPhone.Deploy.0 = Debug|Any CPU
		{AD5E1A32-64E7-4135-8312-4EECBC0BE0C7}.Debug|iPhoneSimulator.ActiveCfg = Debug|Any CPU
		{AD5E1A32-64E7-4135-8312-4EECBC0BE0C7}.Debug|iPhoneSimulator.Build.0 = Debug|Any CPU
		{AD5E1A32-64E7-4135-8312-4EECBC0BE0C7}.Debug|iPhoneSimulator.Deploy.0 = Debug|Any CPU
		{AD5E1A32-64E7-4135-8312-4EECBC0BE0C7}.Release|Any CPU.ActiveCfg = Release|Any CPU
		{AD5E1A32-64E7-4135-8312-4EECBC0BE0C7}.Release|Any CPU.Build.0 = Release|Any CPU
		{AD5E1A32-64E7-4135-8312-4EECBC0BE0C7}.Release|Any CPU.Deploy.0 = Release|Any CPU
		{AD5E1A32-64E7-4135-8312-4EECBC0BE0C7}.Release|iPhone.ActiveCfg = Release|Any CPU
		{AD5E1A32-64E7-4135-8312-4EECBC0BE0C7}.Release|iPhone.Build.0 = Release|Any CPU
		{AD5E1A32-64E7-4135-8312-4EECBC0BE0C7}.Release|iPhone.Deploy.0 = Release|Any CPU
		{AD5E1A32-64E7-4135-8312-4EECBC0BE0C7}.Release|iPhoneSimulator.ActiveCfg = Release|Any CPU
		{AD5E1A32-64E7-4135-8312-4EECBC0BE0C7}.Release|iPhoneSimulator.Build.0 = Release|Any CPU
		{AD5E1A32-64E7-4135-8312-4EECBC0BE0C7}.Release|iPhoneSimulator.Deploy.0 = Release|Any CPU
		{2D0E596B-51D3-445B-8C44-AEAB66359F97}.Debug|Any CPU.ActiveCfg = Debug|iPhone
		{2D0E596B-51D3-445B-8C44-AEAB66359F97}.Debug|Any CPU.Build.0 = Debug|iPhone
		{2D0E596B-51D3-445B-8C44-AEAB66359F97}.Debug|Any CPU.Deploy.0 = Debug|iPhone
		{2D0E596B-51D3-445B-8C44-AEAB66359F97}.Debug|iPhone.ActiveCfg = Debug|iPhone
		{2D0E596B-51D3-445B-8C44-AEAB66359F97}.Debug|iPhone.Build.0 = Debug|iPhone
		{2D0E596B-51D3-445B-8C44-AEAB66359F97}.Debug|iPhone.Deploy.0 = Debug|iPhone
		{2D0E596B-51D3-445B-8C44-AEAB66359F97}.Debug|iPhoneSimulator.ActiveCfg = Debug|iPhoneSimulator
		{2D0E596B-51D3-445B-8C44-AEAB66359F97}.Debug|iPhoneSimulator.Build.0 = Debug|iPhoneSimulator
		{2D0E596B-51D3-445B-8C44-AEAB66359F97}.Debug|iPhoneSimulator.Deploy.0 = Debug|iPhoneSimulator
		{2D0E596B-51D3-445B-8C44-AEAB66359F97}.Release|Any CPU.ActiveCfg = Release|iPhone
		{2D0E596B-51D3-445B-8C44-AEAB66359F97}.Release|Any CPU.Build.0 = Release|iPhone
		{2D0E596B-51D3-445B-8C44-AEAB66359F97}.Release|Any CPU.Deploy.0 = Release|iPhone
		{2D0E596B-51D3-445B-8C44-AEAB66359F97}.Release|iPhone.ActiveCfg = Release|iPhone
		{2D0E596B-51D3-445B-8C44-AEAB66359F97}.Release|iPhone.Build.0 = Release|iPhone
		{2D0E596B-51D3-445B-8C44-AEAB66359F97}.Release|iPhone.Deploy.0 = Release|iPhone
		{2D0E596B-51D3-445B-8C44-AEAB66359F97}.Release|iPhoneSimulator.ActiveCfg = Release|iPhoneSimulator
		{2D0E596B-51D3-445B-8C44-AEAB66359F97}.Release|iPhoneSimulator.Build.0 = Release|iPhoneSimulator
		{2D0E596B-51D3-445B-8C44-AEAB66359F97}.Release|iPhoneSimulator.Deploy.0 = Release|iPhoneSimulator
		{9BBAC9FE-F1D7-402A-A5D5-21BE7D383E36}.Debug|Any CPU.ActiveCfg = Debug|Any CPU
		{9BBAC9FE-F1D7-402A-A5D5-21BE7D383E36}.Debug|Any CPU.Build.0 = Debug|Any CPU
		{9BBAC9FE-F1D7-402A-A5D5-21BE7D383E36}.Debug|Any CPU.Deploy.0 = Debug|Any CPU
		{9BBAC9FE-F1D7-402A-A5D5-21BE7D383E36}.Debug|iPhone.ActiveCfg = Debug|Any CPU
		{9BBAC9FE-F1D7-402A-A5D5-21BE7D383E36}.Debug|iPhone.Build.0 = Debug|Any CPU
		{9BBAC9FE-F1D7-402A-A5D5-21BE7D383E36}.Debug|iPhone.Deploy.0 = Debug|Any CPU
		{9BBAC9FE-F1D7-402A-A5D5-21BE7D383E36}.Debug|iPhoneSimulator.ActiveCfg = Debug|Any CPU
		{9BBAC9FE-F1D7-402A-A5D5-21BE7D383E36}.Debug|iPhoneSimulator.Build.0 = Debug|Any CPU
		{9BBAC9FE-F1D7-402A-A5D5-21BE7D383E36}.Debug|iPhoneSimulator.Deploy.0 = Debug|Any CPU
		{9BBAC9FE-F1D7-402A-A5D5-21BE7D383E36}.Release|Any CPU.ActiveCfg = Release|Any CPU
		{9BBAC9FE-F1D7-402A-A5D5-21BE7D383E36}.Release|Any CPU.Build.0 = Release|Any CPU
		{9BBAC9FE-F1D7-402A-A5D5-21BE7D383E36}.Release|Any CPU.Deploy.0 = Release|Any CPU
		{9BBAC9FE-F1D7-402A-A5D5-21BE7D383E36}.Release|iPhone.ActiveCfg = Release|Any CPU
		{9BBAC9FE-F1D7-402A-A5D5-21BE7D383E36}.Release|iPhone.Build.0 = Release|Any CPU
		{9BBAC9FE-F1D7-402A-A5D5-21BE7D383E36}.Release|iPhone.Deploy.0 = Release|Any CPU
		{9BBAC9FE-F1D7-402A-A5D5-21BE7D383E36}.Release|iPhoneSimulator.ActiveCfg = Release|Any CPU
		{9BBAC9FE-F1D7-402A-A5D5-21BE7D383E36}.Release|iPhoneSimulator.Build.0 = Release|Any CPU
		{9BBAC9FE-F1D7-402A-A5D5-21BE7D383E36}.Release|iPhoneSimulator.Deploy.0 = Release|Any CPU
	EndGlobalSection
	GlobalSection(SolutionProperties) = preSolution
		HideSolutionNode = FALSE
	EndGlobalSection
	GlobalSection(ExtensibilityGlobals) = postSolution
		SolutionGuid = {F90AD473-458F-4245-87E3-3F7340C8218F}
	EndGlobalSection
EndGlobal
